
Microsoft Visual Studio Solution File, Format Version 12.00
# Visual Studio 15
VisualStudioVersion = 15.0.26124.0
MinimumVisualStudioVersion = 15.0.26124.0
Project("{FAE04EC0-301F-11D3-BF4B-00C04F79EFBC}") = "marten_example.console", "marten_example.console\marten_example.console.csproj", "{BA7AF1D7-E872-4622-A64B-5702B2DF8590}"
EndProject
Project("{FAE04EC0-301F-11D3-BF4B-00C04F79EFBC}") = "marten_example.data", "marten_example.data\marten_example.data.csproj", "{AE2AF45C-E6B8-406D-B9F0-D87BCA64E67C}"
EndProject
Global
	GlobalSection(SolutionConfigurationPlatforms) = preSolution
		Debug|Any CPU = Debug|Any CPU
		Debug|x64 = Debug|x64
		Debug|x86 = Debug|x86
		Release|Any CPU = Release|Any CPU
		Release|x64 = Release|x64
		Release|x86 = Release|x86
	EndGlobalSection
	GlobalSection(SolutionProperties) = preSolution
		HideSolutionNode = FALSE
	EndGlobalSection
	GlobalSection(ProjectConfigurationPlatforms) = postSolution
		{BA7AF1D7-E872-4622-A64B-5702B2DF8590}.Debug|Any CPU.ActiveCfg = Debug|Any CPU
		{BA7AF1D7-E872-4622-A64B-5702B2DF8590}.Debug|Any CPU.Build.0 = Debug|Any CPU
		{BA7AF1D7-E872-4622-A64B-5702B2DF8590}.Debug|x64.ActiveCfg = Debug|x64
		{BA7AF1D7-E872-4622-A64B-5702B2DF8590}.Debug|x64.Build.0 = Debug|x64
		{BA7AF1D7-E872-4622-A64B-5702B2DF8590}.Debug|x86.ActiveCfg = Debug|x86
		{BA7AF1D7-E872-4622-A64B-5702B2DF8590}.Debug|x86.Build.0 = Debug|x86
		{BA7AF1D7-E872-4622-A64B-5702B2DF8590}.Release|Any CPU.ActiveCfg = Release|Any CPU
		{BA7AF1D7-E872-4622-A64B-5702B2DF8590}.Release|Any CPU.Build.0 = Release|Any CPU
		{BA7AF1D7-E872-4622-A64B-5702B2DF8590}.Release|x64.ActiveCfg = Release|x64
		{BA7AF1D7-E872-4622-A64B-5702B2DF8590}.Release|x64.Build.0 = Release|x64
		{BA7AF1D7-E872-4622-A64B-5702B2DF8590}.Release|x86.ActiveCfg = Release|x86
		{BA7AF1D7-E872-4622-A64B-5702B2DF8590}.Release|x86.Build.0 = Release|x86
		{AE2AF45C-E6B8-406D-B9F0-D87BCA64E67C}.Debug|Any CPU.ActiveCfg = Debug|Any CPU
		{AE2AF45C-E6B8-406D-B9F0-D87BCA64E67C}.Debug|Any CPU.Build.0 = Debug|Any CPU
		{AE2AF45C-E6B8-406D-B9F0-D87BCA64E67C}.Debug|x64.ActiveCfg = Debug|x64
		{AE2AF45C-E6B8-406D-B9F0-D87BCA64E67C}.Debug|x64.Build.0 = Debug|x64
		{AE2AF45C-E6B8-406D-B9F0-D87BCA64E67C}.Debug|x86.ActiveCfg = Debug|x86
		{AE2AF45C-E6B8-406D-B9F0-D87BCA64E67C}.Debug|x86.Build.0 = Debug|x86
		{AE2AF45C-E6B8-406D-B9F0-D87BCA64E67C}.Release|Any CPU.ActiveCfg = Release|Any CPU
		{AE2AF45C-E6B8-406D-B9F0-D87BCA64E67C}.Release|Any CPU.Build.0 = Release|Any CPU
		{AE2AF45C-E6B8-406D-B9F0-D87BCA64E67C}.Release|x64.ActiveCfg = Release|x64
		{AE2AF45C-E6B8-406D-B9F0-D87BCA64E67C}.Release|x64.Build.0 = Release|x64
		{AE2AF45C-E6B8-406D-B9F0-D87BCA64E67C}.Release|x86.ActiveCfg = Release|x86
		{AE2AF45C-E6B8-406D-B9F0-D87BCA64E67C}.Release|x86.Build.0 = Release|x86
	EndGlobalSection
EndGlobal
